
Microsoft Visual Studio Solution File, Format Version 12.00
# Visual Studio Version 17
VisualStudioVersion = 17.0.31903.59
MinimumVisualStudioVersion = 10.0.40219.1
Project("{FAE04EC0-301F-11D3-BF4B-00C04F79EFBC}") = "Luc.Lwx", "Luc.Lwx\Luc.Lwx.csproj", "{FFFF4F4F-3A08-446C-AA19-0F98857569E0}"
EndProject
Project("{FAE04EC0-301F-11D3-BF4B-00C04F79EFBC}") = "Luc.Lwx.Example.Api", "Luc.Lwx.Example.Api\Luc.Lwx.Example.Api.csproj", "{D6196D0E-38F8-4F61-AAB5-9C4BED3A7ECC}"
EndProject
Project("{FAE04EC0-301F-11D3-BF4B-00C04F79EFBC}") = "Luc.Lwx.Generator", "Luc.Lwx.Generator\Luc.Lwx.Generator.csproj", "{DE322F0E-E0EB-4017-B77A-1AF62EA01278}"
EndProject
Project("{FAE04EC0-301F-11D3-BF4B-00C04F79EFBC}") = "Luc.Lwx.Tests", "Luc.Lwx.Tests\Luc.Lwx.Tests.csproj", "{AB18F1F5-5500-45F8-AFAE-9B85F4363CB8}"
EndProject
Global
	GlobalSection(SolutionConfigurationPlatforms) = preSolution
		Debug|Any CPU = Debug|Any CPU
		Release|Any CPU = Release|Any CPU
	EndGlobalSection
	GlobalSection(ProjectConfigurationPlatforms) = postSolution
		{FFFF4F4F-3A08-446C-AA19-0F98857569E0}.Debug|Any CPU.ActiveCfg = Debug|Any CPU
		{FFFF4F4F-3A08-446C-AA19-0F98857569E0}.Debug|Any CPU.Build.0 = Debug|Any CPU
		{FFFF4F4F-3A08-446C-AA19-0F98857569E0}.Release|Any CPU.ActiveCfg = Release|Any CPU
		{FFFF4F4F-3A08-446C-AA19-0F98857569E0}.Release|Any CPU.Build.0 = Release|Any CPU
		{D6196D0E-38F8-4F61-AAB5-9C4BED3A7ECC}.Debug|Any CPU.ActiveCfg = Debug|Any CPU
		{D6196D0E-38F8-4F61-AAB5-9C4BED3A7ECC}.Debug|Any CPU.Build.0 = Debug|Any CPU
		{D6196D0E-38F8-4F61-AAB5-9C4BED3A7ECC}.Release|Any CPU.ActiveCfg = Release|Any CPU
		{D6196D0E-38F8-4F61-AAB5-9C4BED3A7ECC}.Release|Any CPU.Build.0 = Release|Any CPU
		{DE322F0E-E0EB-4017-B77A-1AF62EA01278}.Debug|Any CPU.ActiveCfg = Debug|Any CPU
		{DE322F0E-E0EB-4017-B77A-1AF62EA01278}.Debug|Any CPU.Build.0 = Debug|Any CPU
		{DE322F0E-E0EB-4017-B77A-1AF62EA01278}.Release|Any CPU.ActiveCfg = Release|Any CPU
		{DE322F0E-E0EB-4017-B77A-1AF62EA01278}.Release|Any CPU.Build.0 = Release|Any CPU
		{AB18F1F5-5500-45F8-AFAE-9B85F4363CB8}.Debug|Any CPU.ActiveCfg = Debug|Any CPU
		{AB18F1F5-5500-45F8-AFAE-9B85F4363CB8}.Debug|Any CPU.Build.0 = Debug|Any CPU
		{AB18F1F5-5500-45F8-AFAE-9B85F4363CB8}.Release|Any CPU.ActiveCfg = Release|Any CPU
		{AB18F1F5-5500-45F8-AFAE-9B85F4363CB8}.Release|Any CPU.Build.0 = Release|Any CPU
	EndGlobalSection
	GlobalSection(SolutionProperties) = preSolution
		HideSolutionNode = FALSE
	EndGlobalSection
EndGlobal
