
Microsoft Visual Studio Solution File, Format Version 12.00
# Visual Studio Version 17
VisualStudioVersion = 17.0.31903.59
MinimumVisualStudioVersion = 10.0.40219.1
Project("{FAE04EC0-301F-11D3-BF4B-00C04F79EFBC}") = "Luc.Web", "Luc.Web\Luc.Web.csproj", "{FFFF4F4F-3A08-446C-AA19-0F98857569E0}"
EndProject
Project("{FAE04EC0-301F-11D3-BF4B-00C04F79EFBC}") = "Luc.Web.Example.Api", "Luc.Web.Example.Api\Luc.Web.Example.Api.csproj", "{D6196D0E-38F8-4F61-AAB5-9C4BED3A7ECC}"
EndProject
Global
	GlobalSection(SolutionConfigurationPlatforms) = preSolution
		Debug|Any CPU = Debug|Any CPU
		Release|Any CPU = Release|Any CPU
	EndGlobalSection
	GlobalSection(SolutionProperties) = preSolution
		HideSolutionNode = FALSE
	EndGlobalSection
	GlobalSection(ProjectConfigurationPlatforms) = postSolution
		{FFFF4F4F-3A08-446C-AA19-0F98857569E0}.Debug|Any CPU.ActiveCfg = Debug|Any CPU
		{FFFF4F4F-3A08-446C-AA19-0F98857569E0}.Debug|Any CPU.Build.0 = Debug|Any CPU
		{FFFF4F4F-3A08-446C-AA19-0F98857569E0}.Release|Any CPU.ActiveCfg = Release|Any CPU
		{FFFF4F4F-3A08-446C-AA19-0F98857569E0}.Release|Any CPU.Build.0 = Release|Any CPU
		{B9130B88-4093-42C7-9F1F-0D788CCC24DF}.Debug|Any CPU.ActiveCfg = Debug|Any CPU
		{B9130B88-4093-42C7-9F1F-0D788CCC24DF}.Debug|Any CPU.Build.0 = Debug|Any CPU
		{B9130B88-4093-42C7-9F1F-0D788CCC24DF}.Release|Any CPU.ActiveCfg = Release|Any CPU
		{B9130B88-4093-42C7-9F1F-0D788CCC24DF}.Release|Any CPU.Build.0 = Release|Any CPU
		{D6196D0E-38F8-4F61-AAB5-9C4BED3A7ECC}.Debug|Any CPU.ActiveCfg = Debug|Any CPU
		{D6196D0E-38F8-4F61-AAB5-9C4BED3A7ECC}.Debug|Any CPU.Build.0 = Debug|Any CPU
		{D6196D0E-38F8-4F61-AAB5-9C4BED3A7ECC}.Release|Any CPU.ActiveCfg = Release|Any CPU
		{D6196D0E-38F8-4F61-AAB5-9C4BED3A7ECC}.Release|Any CPU.Build.0 = Release|Any CPU
	EndGlobalSection
EndGlobal
